
Microsoft Visual Studio Solution File, Format Version 12.00
# Visual Studio Version 17
VisualStudioVersion = 17.5.33530.505
MinimumVisualStudioVersion = 10.0.40219.1
Project("{9A19103F-16F7-4668-BE54-9A1E7A4F7556}") = "DiyStaticProxy", "DiyStaticProxy\DiyStaticProxy.csproj", "{FA03FB96-54CA-428A-9D96-0D69819A4EA0}"
EndProject
Project("{9A19103F-16F7-4668-BE54-9A1E7A4F7556}") = "Shares", "Shares\Shares.csproj", "{A30CAA56-4416-4E34-9CD5-D0843E8A7188}"
EndProject
Project("{9A19103F-16F7-4668-BE54-9A1E7A4F7556}") = "DiyDynamicProxy", "DiyDynamicProxy\DiyDynamicProxy.csproj", "{334E131E-53D6-4A8B-8D5B-45E3B42CC231}"
EndProject
Project("{2150E333-8FDC-42A3-9474-1A3956D46DE8}") = "解决方案项", "解决方案项", "{540A0DB6-4D0C-4068-9DC7-CB85C7DD9744}"
	ProjectSection(SolutionItems) = preProject
		README.md = README.md
	EndProjectSection
EndProject
Project("{9A19103F-16F7-4668-BE54-9A1E7A4F7556}") = "CastleDynamicProxySample", "CastleDynamicProxySample\CastleDynamicProxySample.csproj", "{7A7910D9-B45C-4BB8-9427-EF48C55D477E}"
EndProject
Project("{9A19103F-16F7-4668-BE54-9A1E7A4F7556}") = "MsDiCastleDynamicProxySample", "MsDiCastleDynamicProxySample\MsDiCastleDynamicProxySample.csproj", "{CC1EF56A-CD06-45B9-B4B2-022AFDB70B16}"
EndProject
Project("{9A19103F-16F7-4668-BE54-9A1E7A4F7556}") = "ScrutorDecoratorSample", "ScrutorDecoratorSample\ScrutorDecoratorSample.csproj", "{5732C25F-D483-4BA0-AC96-AECB9FB400F7}"
EndProject
Project("{9A19103F-16F7-4668-BE54-9A1E7A4F7556}") = "ScrutorCastleDynamicProxyScanSample", "ScrutorCastleDynamicProxyScanSample\ScrutorCastleDynamicProxyScanSample.csproj", "{697AC7BF-D43A-4875-8129-554CDEB80FFB}"
EndProject
Project("{FAE04EC0-301F-11D3-BF4B-00C04F79EFBC}") = "AutofacCastleDynamicProxySample", "AutofacCastleDynamicProxySample\AutofacCastleDynamicProxySample.csproj", "{F8D63DF2-F7F9-447A-920E-685036A995DB}"
EndProject
Global
	GlobalSection(SolutionConfigurationPlatforms) = preSolution
		Debug|Any CPU = Debug|Any CPU
		Release|Any CPU = Release|Any CPU
	EndGlobalSection
	GlobalSection(ProjectConfigurationPlatforms) = postSolution
		{FA03FB96-54CA-428A-9D96-0D69819A4EA0}.Debug|Any CPU.ActiveCfg = Debug|Any CPU
		{FA03FB96-54CA-428A-9D96-0D69819A4EA0}.Debug|Any CPU.Build.0 = Debug|Any CPU
		{FA03FB96-54CA-428A-9D96-0D69819A4EA0}.Release|Any CPU.ActiveCfg = Release|Any CPU
		{FA03FB96-54CA-428A-9D96-0D69819A4EA0}.Release|Any CPU.Build.0 = Release|Any CPU
		{A30CAA56-4416-4E34-9CD5-D0843E8A7188}.Debug|Any CPU.ActiveCfg = Debug|Any CPU
		{A30CAA56-4416-4E34-9CD5-D0843E8A7188}.Debug|Any CPU.Build.0 = Debug|Any CPU
		{A30CAA56-4416-4E34-9CD5-D0843E8A7188}.Release|Any CPU.ActiveCfg = Release|Any CPU
		{A30CAA56-4416-4E34-9CD5-D0843E8A7188}.Release|Any CPU.Build.0 = Release|Any CPU
		{334E131E-53D6-4A8B-8D5B-45E3B42CC231}.Debug|Any CPU.ActiveCfg = Debug|Any CPU
		{334E131E-53D6-4A8B-8D5B-45E3B42CC231}.Debug|Any CPU.Build.0 = Debug|Any CPU
		{334E131E-53D6-4A8B-8D5B-45E3B42CC231}.Release|Any CPU.ActiveCfg = Release|Any CPU
		{334E131E-53D6-4A8B-8D5B-45E3B42CC231}.Release|Any CPU.Build.0 = Release|Any CPU
		{7A7910D9-B45C-4BB8-9427-EF48C55D477E}.Debug|Any CPU.ActiveCfg = Debug|Any CPU
		{7A7910D9-B45C-4BB8-9427-EF48C55D477E}.Debug|Any CPU.Build.0 = Debug|Any CPU
		{7A7910D9-B45C-4BB8-9427-EF48C55D477E}.Release|Any CPU.ActiveCfg = Release|Any CPU
		{7A7910D9-B45C-4BB8-9427-EF48C55D477E}.Release|Any CPU.Build.0 = Release|Any CPU
		{CC1EF56A-CD06-45B9-B4B2-022AFDB70B16}.Debug|Any CPU.ActiveCfg = Debug|Any CPU
		{CC1EF56A-CD06-45B9-B4B2-022AFDB70B16}.Debug|Any CPU.Build.0 = Debug|Any CPU
		{CC1EF56A-CD06-45B9-B4B2-022AFDB70B16}.Release|Any CPU.ActiveCfg = Release|Any CPU
		{CC1EF56A-CD06-45B9-B4B2-022AFDB70B16}.Release|Any CPU.Build.0 = Release|Any CPU
		{5732C25F-D483-4BA0-AC96-AECB9FB400F7}.Debug|Any CPU.ActiveCfg = Debug|Any CPU
		{5732C25F-D483-4BA0-AC96-AECB9FB400F7}.Debug|Any CPU.Build.0 = Debug|Any CPU
		{5732C25F-D483-4BA0-AC96-AECB9FB400F7}.Release|Any CPU.ActiveCfg = Release|Any CPU
		{5732C25F-D483-4BA0-AC96-AECB9FB400F7}.Release|Any CPU.Build.0 = Release|Any CPU
		{697AC7BF-D43A-4875-8129-554CDEB80FFB}.Debug|Any CPU.ActiveCfg = Debug|Any CPU
		{697AC7BF-D43A-4875-8129-554CDEB80FFB}.Debug|Any CPU.Build.0 = Debug|Any CPU
		{697AC7BF-D43A-4875-8129-554CDEB80FFB}.Release|Any CPU.ActiveCfg = Release|Any CPU
		{697AC7BF-D43A-4875-8129-554CDEB80FFB}.Release|Any CPU.Build.0 = Release|Any CPU
		{F8D63DF2-F7F9-447A-920E-685036A995DB}.Debug|Any CPU.ActiveCfg = Debug|Any CPU
		{F8D63DF2-F7F9-447A-920E-685036A995DB}.Debug|Any CPU.Build.0 = Debug|Any CPU
		{F8D63DF2-F7F9-447A-920E-685036A995DB}.Release|Any CPU.ActiveCfg = Release|Any CPU
		{F8D63DF2-F7F9-447A-920E-685036A995DB}.Release|Any CPU.Build.0 = Release|Any CPU
	EndGlobalSection
	GlobalSection(SolutionProperties) = preSolution
		HideSolutionNode = FALSE
	EndGlobalSection
	GlobalSection(ExtensibilityGlobals) = postSolution
		SolutionGuid = {464147C2-6D99-4A2A-8FFA-DE820B3FE21A}
	EndGlobalSection
EndGlobal
